
Microsoft Visual Studio Solution File, Format Version 12.00
# Visual Studio Version 17
VisualStudioVersion = 17.6.33829.357
MinimumVisualStudioVersion = 10.0.40219.1
Project("{FAE04EC0-301F-11D3-BF4B-00C04F79EFBC}") = "PoETrademasterAPI", "PoETrademasterAPI\PoETrademasterAPI.csproj", "{1E32275A-0C7E-4539-872E-63C4ACD0B633}"
EndProject
Project("{FAE04EC0-301F-11D3-BF4B-00C04F79EFBC}") = "TrademasterDataLoader", "TrademasterDataLoader\TrademasterDataLoader.csproj", "{AD334563-4BDB-4836-94DF-471A2F67A9D4}"
EndProject
Global
	GlobalSection(SolutionConfigurationPlatforms) = preSolution
		Debug|Any CPU = Debug|Any CPU
		Release|Any CPU = Release|Any CPU
	EndGlobalSection
	GlobalSection(ProjectConfigurationPlatforms) = postSolution
		{1E32275A-0C7E-4539-872E-63C4ACD0B633}.Debug|Any CPU.ActiveCfg = Debug|Any CPU
		{1E32275A-0C7E-4539-872E-63C4ACD0B633}.Debug|Any CPU.Build.0 = Debug|Any CPU
		{1E32275A-0C7E-4539-872E-63C4ACD0B633}.Release|Any CPU.ActiveCfg = Release|Any CPU
		{1E32275A-0C7E-4539-872E-63C4ACD0B633}.Release|Any CPU.Build.0 = Release|Any CPU
		{AD334563-4BDB-4836-94DF-471A2F67A9D4}.Debug|Any CPU.ActiveCfg = Debug|Any CPU
		{AD334563-4BDB-4836-94DF-471A2F67A9D4}.Debug|Any CPU.Build.0 = Debug|Any CPU
		{AD334563-4BDB-4836-94DF-471A2F67A9D4}.Release|Any CPU.ActiveCfg = Release|Any CPU
		{AD334563-4BDB-4836-94DF-471A2F67A9D4}.Release|Any CPU.Build.0 = Release|Any CPU
	EndGlobalSection
	GlobalSection(SolutionProperties) = preSolution
		HideSolutionNode = FALSE
	EndGlobalSection
	GlobalSection(ExtensibilityGlobals) = postSolution
		SolutionGuid = {67809A30-500B-4E51-9DB7-1BA4FBAB25AB}
	EndGlobalSection
EndGlobal
